PODS:
  - ReactiveCocoa (2.3):
    - ReactiveCocoa/UI (= 2.3)
  - ReactiveCocoa/Core (2.3):
    - ReactiveCocoa/no-arc
  - ReactiveCocoa/no-arc (2.3)
  - ReactiveCocoa/UI (2.3):
    - ReactiveCocoa/Core

DEPENDENCIES:
  - ReactiveCocoa

SPEC CHECKSUMS:
  ReactiveCocoa: 81ee2fb7df2dfc6bd52b5d70473662195e20ca7d

COCOAPODS: 0.39.0
